
Microsoft Visual Studio Solution File, Format Version 12.00
# Visual Studio Version 17
VisualStudioVersion = 17.0.31903.59
MinimumVisualStudioVersion = 10.0.40219.1
Project("{2150E333-8FDC-42A3-9474-1A3956D46DE8}") = "src", "src", "{1CD1C4D5-7238-49E0-86EB-398AAD3E0A9A}"
EndProject
Project("{2150E333-8FDC-42A3-9474-1A3956D46DE8}") = "BuildingBlocks", "BuildingBlocks", "{6A1C5DAD-3B2C-4B74-9445-89C901EE072A}"
EndProject
Project("{FAE04EC0-301F-11D3-BF4B-00C04F79EFBC}") = "LoanSystem.BuildingBlocks.Infrastructure", "src\BuildingBlocks\LoanSystem.BuildingBlocks.Infrastructure\LoanSystem.BuildingBlocks.Infrastructure.csproj", "{7EDDAE01-3369-47C8-B76C-1E3579DD3D4B}"
EndProject
Project("{FAE04EC0-301F-11D3-BF4B-00C04F79EFBC}") = "LoanSystem.BuildingBlocks.Application", "src\BuildingBlocks\LoanSystem.BuildingBlocks.Application\LoanSystem.BuildingBlocks.Application.csproj", "{D36153A4-5506-44C0-B07B-BB0FEEE5B21F}"
EndProject
Project("{FAE04EC0-301F-11D3-BF4B-00C04F79EFBC}") = "LoanSystem.BuildingBlocks.Domain", "src\BuildingBlocks\LoanSystem.BuildingBlocks.Domain\LoanSystem.BuildingBlocks.Domain.csproj", "{CFC4D3C3-AB1F-4C64-A5A8-A5A9410A5155}"
EndProject
Project("{FAE04EC0-301F-11D3-BF4B-00C04F79EFBC}") = "LoanSystem.Contracts", "src\LoanSystem.Contracts\LoanSystem.Contracts.csproj", "{F5D11882-07E7-405F-AA8D-86254F718656}"
EndProject
Project("{2150E333-8FDC-42A3-9474-1A3956D46DE8}") = "Modules", "Modules", "{9E795266-2F16-463E-8CB0-B4CCBCB44F9C}"
EndProject
Project("{2150E333-8FDC-42A3-9474-1A3956D46DE8}") = "Reporting", "Reporting", "{B04AFD37-3F98-4612-925B-265B3BEB238A}"
EndProject
Project("{FAE04EC0-301F-11D3-BF4B-00C04F79EFBC}") = "LoanSystem.Modules.Reporting", "src\Modules\Reporting\LoanSystem.Modules.Reporting\LoanSystem.Modules.Reporting.csproj", "{709EBA27-EE04-4E9E-8F30-F12FBB3F9234}"
EndProject
Project("{2150E333-8FDC-42A3-9474-1A3956D46DE8}") = "LoanProducts", "LoanProducts", "{E04E4F90-D65C-471C-A883-D2A717E10F93}"
EndProject
Project("{FAE04EC0-301F-11D3-BF4B-00C04F79EFBC}") = "LoanSystem.Modules.LoanProducts", "src\Modules\LoanProducts\LoanSystem.Modules.LoanProducts\LoanSystem.Modules.LoanProducts.csproj", "{93B1B884-454C-4DFE-A054-4C647F3F9F0F}"
EndProject
Project("{2150E333-8FDC-42A3-9474-1A3956D46DE8}") = "Treasury", "Treasury", "{8C5EAC8B-2E20-4320-8549-E7DFBD31D636}"
EndProject
Project("{FAE04EC0-301F-11D3-BF4B-00C04F79EFBC}") = "LoanSystem.Modules.Treasury", "src\Modules\Treasury\LoanSystem.Modules.Treasury\LoanSystem.Modules.Treasury.csproj", "{EC472471-D943-4C0C-87DC-306CD15DA7A2}"
EndProject
Project("{2150E333-8FDC-42A3-9474-1A3956D46DE8}") = "Audit", "Audit", "{823F93EE-2241-47DB-AA2A-375643C2AB4A}"
EndProject
Project("{FAE04EC0-301F-11D3-BF4B-00C04F79EFBC}") = "LoanSystem.Modules.Audit", "src\Modules\Audit\LoanSystem.Modules.Audit\LoanSystem.Modules.Audit.csproj", "{CA74C149-298D-4B5A-80FE-37287EB979D3}"
EndProject
Project("{2150E333-8FDC-42A3-9474-1A3956D46DE8}") = "LoanAccounts", "LoanAccounts", "{2A0FEF78-9BF2-4F53-85FD-CB3D9D76EEB1}"
EndProject
Project("{FAE04EC0-301F-11D3-BF4B-00C04F79EFBC}") = "LoanSystem.Modules.LoanAccounts", "src\Modules\LoanAccounts\LoanSystem.Modules.LoanAccounts\LoanSystem.Modules.LoanAccounts.csproj", "{3BF99CDD-4EE1-4CA9-8EA7-A1C93E7175A2}"
EndProject
Project("{2150E333-8FDC-42A3-9474-1A3956D46DE8}") = "IdentityAccess", "IdentityAccess", "{B0B3111D-813C-47EC-837E-8A63AC7E4921}"
EndProject
Project("{FAE04EC0-301F-11D3-BF4B-00C04F79EFBC}") = "LoanSystem.Modules.IdentityAccess", "src\Modules\IdentityAccess\LoanSystem.Modules.IdentityAccess\LoanSystem.Modules.IdentityAccess.csproj", "{25AF7DF9-1476-428A-B936-7AB42CB29A50}"
EndProject
Project("{2150E333-8FDC-42A3-9474-1A3956D46DE8}") = "Repayments", "Repayments", "{D5577335-2022-42E2-9817-8B4C05428902}"
EndProject
Project("{FAE04EC0-301F-11D3-BF4B-00C04F79EFBC}") = "LoanSystem.Modules.Repayments", "src\Modules\Repayments\LoanSystem.Modules.Repayments\LoanSystem.Modules.Repayments.csproj", "{3798A633-3420-4843-89E9-E30F07170F55}"
EndProject
Project("{2150E333-8FDC-42A3-9474-1A3956D46DE8}") = "LoanOrigination", "LoanOrigination", "{DB130B7A-D67C-4BB6-A412-AC7A6ECEF440}"
EndProject
Project("{FAE04EC0-301F-11D3-BF4B-00C04F79EFBC}") = "LoanSystem.Modules.LoanOrigination", "src\Modules\LoanOrigination\LoanSystem.Modules.LoanOrigination\LoanSystem.Modules.LoanOrigination.csproj", "{E7AEEE63-B174-44D5-AAB4-2EE38A0B1372}"
EndProject
Project("{2150E333-8FDC-42A3-9474-1A3956D46DE8}") = "Disbursements", "Disbursements", "{89AFAB08-343B-47E1-8B2E-9F504198FAB0}"
EndProject
Project("{FAE04EC0-301F-11D3-BF4B-00C04F79EFBC}") = "LoanSystem.Modules.Disbursements", "src\Modules\Disbursements\LoanSystem.Modules.Disbursements\LoanSystem.Modules.Disbursements.csproj", "{F146427D-7A11-4480-B23D-DADB7D456360}"
EndProject
Project("{2150E333-8FDC-42A3-9474-1A3956D46DE8}") = "Borrowers", "Borrowers", "{86D173C4-2CEB-4312-B2CF-039D0579CF20}"
EndProject
Project("{FAE04EC0-301F-11D3-BF4B-00C04F79EFBC}") = "LoanSystem.Modules.Borrowers", "src\Modules\Borrowers\LoanSystem.Modules.Borrowers\LoanSystem.Modules.Borrowers.csproj", "{5B74819E-C7A6-42D0-A259-418315D67087}"
EndProject
Project("{2150E333-8FDC-42A3-9474-1A3956D46DE8}") = "Documents", "Documents", "{6F3447D5-D569-47B3-B51F-D59C7102A3BE}"
EndProject
Project("{FAE04EC0-301F-11D3-BF4B-00C04F79EFBC}") = "LoanSystem.Modules.Documents", "src\Modules\Documents\LoanSystem.Modules.Documents\LoanSystem.Modules.Documents.csproj", "{2A45636E-D34D-4442-ABF9-DBE1ADEA8F32}"
EndProject
Project("{FAE04EC0-301F-11D3-BF4B-00C04F79EFBC}") = "LoanSystem.Api", "src\LoanSystem.Api\LoanSystem.Api.csproj", "{5EAF9746-393F-4A15-A22D-2C7DD3199844}"
EndProject
Project("{2150E333-8FDC-42A3-9474-1A3956D46DE8}") = "tests", "tests", "{9CF4637A-1A7E-4329-BE0C-A02711E7B2FE}"
EndProject
Project("{FAE04EC0-301F-11D3-BF4B-00C04F79EFBC}") = "LoanSystem.ApplicationTests", "tests\LoanSystem.ApplicationTests\LoanSystem.ApplicationTests.csproj", "{A497009A-DA25-4FEA-9DAB-5CAA8BF783F3}"
EndProject
Project("{FAE04EC0-301F-11D3-BF4B-00C04F79EFBC}") = "LoanSystem.ApiTests", "tests\LoanSystem.ApiTests\LoanSystem.ApiTests.csproj", "{624B3E4A-1EAC-4FE8-860C-4D0AC2AC8452}"
EndProject
Project("{FAE04EC0-301F-11D3-BF4B-00C04F79EFBC}") = "LoanSystem.DomainTests", "tests\LoanSystem.DomainTests\LoanSystem.DomainTests.csproj", "{137FEDF5-468B-4B2D-AC2C-B27613F3F35D}"
EndProject
Project("{FAE04EC0-301F-11D3-BF4B-00C04F79EFBC}") = "LoanSystem.IntegrationTests", "tests\LoanSystem.IntegrationTests\LoanSystem.IntegrationTests.csproj", "{854FC26C-3788-4C0E-8485-54BED4800E6B}"
EndProject
Project("{FAE04EC0-301F-11D3-BF4B-00C04F79EFBC}") = "LoanSystem.ArchitectureTests", "tests\LoanSystem.ArchitectureTests\LoanSystem.ArchitectureTests.csproj", "{2B2DB23B-F8ED-4588-8933-64DD3C0C86B6}"
EndProject
Global
	GlobalSection(SolutionConfigurationPlatforms) = preSolution
		Debug|Any CPU = Debug|Any CPU
		Release|Any CPU = Release|Any CPU
	EndGlobalSection
	GlobalSection(SolutionProperties) = preSolution
		HideSolutionNode = FALSE
	EndGlobalSection
	GlobalSection(ProjectConfigurationPlatforms) = postSolution
		{7EDDAE01-3369-47C8-B76C-1E3579DD3D4B}.Debug|Any CPU.ActiveCfg = Debug|Any CPU
		{7EDDAE01-3369-47C8-B76C-1E3579DD3D4B}.Debug|Any CPU.Build.0 = Debug|Any CPU
		{7EDDAE01-3369-47C8-B76C-1E3579DD3D4B}.Release|Any CPU.ActiveCfg = Release|Any CPU
		{7EDDAE01-3369-47C8-B76C-1E3579DD3D4B}.Release|Any CPU.Build.0 = Release|Any CPU
		{D36153A4-5506-44C0-B07B-BB0FEEE5B21F}.Debug|Any CPU.ActiveCfg = Debug|Any CPU
		{D36153A4-5506-44C0-B07B-BB0FEEE5B21F}.Debug|Any CPU.Build.0 = Debug|Any CPU
		{D36153A4-5506-44C0-B07B-BB0FEEE5B21F}.Release|Any CPU.ActiveCfg = Release|Any CPU
		{D36153A4-5506-44C0-B07B-BB0FEEE5B21F}.Release|Any CPU.Build.0 = Release|Any CPU
		{CFC4D3C3-AB1F-4C64-A5A8-A5A9410A5155}.Debug|Any CPU.ActiveCfg = Debug|Any CPU
		{CFC4D3C3-AB1F-4C64-A5A8-A5A9410A5155}.Debug|Any CPU.Build.0 = Debug|Any CPU
		{CFC4D3C3-AB1F-4C64-A5A8-A5A9410A5155}.Release|Any CPU.ActiveCfg = Release|Any CPU
		{CFC4D3C3-AB1F-4C64-A5A8-A5A9410A5155}.Release|Any CPU.Build.0 = Release|Any CPU
		{F5D11882-07E7-405F-AA8D-86254F718656}.Debug|Any CPU.ActiveCfg = Debug|Any CPU
		{F5D11882-07E7-405F-AA8D-86254F718656}.Debug|Any CPU.Build.0 = Debug|Any CPU
		{F5D11882-07E7-405F-AA8D-86254F718656}.Release|Any CPU.ActiveCfg = Release|Any CPU
		{F5D11882-07E7-405F-AA8D-86254F718656}.Release|Any CPU.Build.0 = Release|Any CPU
		{709EBA27-EE04-4E9E-8F30-F12FBB3F9234}.Debug|Any CPU.ActiveCfg = Debug|Any CPU
		{709EBA27-EE04-4E9E-8F30-F12FBB3F9234}.Debug|Any CPU.Build.0 = Debug|Any CPU
		{709EBA27-EE04-4E9E-8F30-F12FBB3F9234}.Release|Any CPU.ActiveCfg = Release|Any CPU
		{709EBA27-EE04-4E9E-8F30-F12FBB3F9234}.Release|Any CPU.Build.0 = Release|Any CPU
		{93B1B884-454C-4DFE-A054-4C647F3F9F0F}.Debug|Any CPU.ActiveCfg = Debug|Any CPU
		{93B1B884-454C-4DFE-A054-4C647F3F9F0F}.Debug|Any CPU.Build.0 = Debug|Any CPU
		{93B1B884-454C-4DFE-A054-4C647F3F9F0F}.Release|Any CPU.ActiveCfg = Release|Any CPU
		{93B1B884-454C-4DFE-A054-4C647F3F9F0F}.Release|Any CPU.Build.0 = Release|Any CPU
		{EC472471-D943-4C0C-87DC-306CD15DA7A2}.Debug|Any CPU.ActiveCfg = Debug|Any CPU
		{EC472471-D943-4C0C-87DC-306CD15DA7A2}.Debug|Any CPU.Build.0 = Debug|Any CPU
		{EC472471-D943-4C0C-87DC-306CD15DA7A2}.Release|Any CPU.ActiveCfg = Release|Any CPU
		{EC472471-D943-4C0C-87DC-306CD15DA7A2}.Release|Any CPU.Build.0 = Release|Any CPU
		{CA74C149-298D-4B5A-80FE-37287EB979D3}.Debug|Any CPU.ActiveCfg = Debug|Any CPU
		{CA74C149-298D-4B5A-80FE-37287EB979D3}.Debug|Any CPU.Build.0 = Debug|Any CPU
		{CA74C149-298D-4B5A-80FE-37287EB979D3}.Release|Any CPU.ActiveCfg = Release|Any CPU
		{CA74C149-298D-4B5A-80FE-37287EB979D3}.Release|Any CPU.Build.0 = Release|Any CPU
		{3BF99CDD-4EE1-4CA9-8EA7-A1C93E7175A2}.Debug|Any CPU.ActiveCfg = Debug|Any CPU
		{3BF99CDD-4EE1-4CA9-8EA7-A1C93E7175A2}.Debug|Any CPU.Build.0 = Debug|Any CPU
		{3BF99CDD-4EE1-4CA9-8EA7-A1C93E7175A2}.Release|Any CPU.ActiveCfg = Release|Any CPU
		{3BF99CDD-4EE1-4CA9-8EA7-A1C93E7175A2}.Release|Any CPU.Build.0 = Release|Any CPU
		{25AF7DF9-1476-428A-B936-7AB42CB29A50}.Debug|Any CPU.ActiveCfg = Debug|Any CPU
		{25AF7DF9-1476-428A-B936-7AB42CB29A50}.Debug|Any CPU.Build.0 = Debug|Any CPU
		{25AF7DF9-1476-428A-B936-7AB42CB29A50}.Release|Any CPU.ActiveCfg = Release|Any CPU
		{25AF7DF9-1476-428A-B936-7AB42CB29A50}.Release|Any CPU.Build.0 = Release|Any CPU
		{3798A633-3420-4843-89E9-E30F07170F55}.Debug|Any CPU.ActiveCfg = Debug|Any CPU
		{3798A633-3420-4843-89E9-E30F07170F55}.Debug|Any CPU.Build.0 = Debug|Any CPU
		{3798A633-3420-4843-89E9-E30F07170F55}.Release|Any CPU.ActiveCfg = Release|Any CPU
		{3798A633-3420-4843-89E9-E30F07170F55}.Release|Any CPU.Build.0 = Release|Any CPU
		{E7AEEE63-B174-44D5-AAB4-2EE38A0B1372}.Debug|Any CPU.ActiveCfg = Debug|Any CPU
		{E7AEEE63-B174-44D5-AAB4-2EE38A0B1372}.Debug|Any CPU.Build.0 = Debug|Any CPU
		{E7AEEE63-B174-44D5-AAB4-2EE38A0B1372}.Release|Any CPU.ActiveCfg = Release|Any CPU
		{E7AEEE63-B174-44D5-AAB4-2EE38A0B1372}.Release|Any CPU.Build.0 = Release|Any CPU
		{F146427D-7A11-4480-B23D-DADB7D456360}.Debug|Any CPU.ActiveCfg = Debug|Any CPU
		{F146427D-7A11-4480-B23D-DADB7D456360}.Debug|Any CPU.Build.0 = Debug|Any CPU
		{F146427D-7A11-4480-B23D-DADB7D456360}.Release|Any CPU.ActiveCfg = Release|Any CPU
		{F146427D-7A11-4480-B23D-DADB7D456360}.Release|Any CPU.Build.0 = Release|Any CPU
		{5B74819E-C7A6-42D0-A259-418315D67087}.Debug|Any CPU.ActiveCfg = Debug|Any CPU
		{5B74819E-C7A6-42D0-A259-418315D67087}.Debug|Any CPU.Build.0 = Debug|Any CPU
		{5B74819E-C7A6-42D0-A259-418315D67087}.Release|Any CPU.ActiveCfg = Release|Any CPU
		{5B74819E-C7A6-42D0-A259-418315D67087}.Release|Any CPU.Build.0 = Release|Any CPU
		{2A45636E-D34D-4442-ABF9-DBE1ADEA8F32}.Debug|Any CPU.ActiveCfg = Debug|Any CPU
		{2A45636E-D34D-4442-ABF9-DBE1ADEA8F32}.Debug|Any CPU.Build.0 = Debug|Any CPU
		{2A45636E-D34D-4442-ABF9-DBE1ADEA8F32}.Release|Any CPU.ActiveCfg = Release|Any CPU
		{2A45636E-D34D-4442-ABF9-DBE1ADEA8F32}.Release|Any CPU.Build.0 = Release|Any CPU
		{5EAF9746-393F-4A15-A22D-2C7DD3199844}.Debug|Any CPU.ActiveCfg = Debug|Any CPU
		{5EAF9746-393F-4A15-A22D-2C7DD3199844}.Debug|Any CPU.Build.0 = Debug|Any CPU
		{5EAF9746-393F-4A15-A22D-2C7DD3199844}.Release|Any CPU.ActiveCfg = Release|Any CPU
		{5EAF9746-393F-4A15-A22D-2C7DD3199844}.Release|Any CPU.Build.0 = Release|Any CPU
		{A497009A-DA25-4FEA-9DAB-5CAA8BF783F3}.Debug|Any CPU.ActiveCfg = Debug|Any CPU
		{A497009A-DA25-4FEA-9DAB-5CAA8BF783F3}.Debug|Any CPU.Build.0 = Debug|Any CPU
		{A497009A-DA25-4FEA-9DAB-5CAA8BF783F3}.Release|Any CPU.ActiveCfg = Release|Any CPU
		{A497009A-DA25-4FEA-9DAB-5CAA8BF783F3}.Release|Any CPU.Build.0 = Release|Any CPU
		{624B3E4A-1EAC-4FE8-860C-4D0AC2AC8452}.Debug|Any CPU.ActiveCfg = Debug|Any CPU
		{624B3E4A-1EAC-4FE8-860C-4D0AC2AC8452}.Debug|Any CPU.Build.0 = Debug|Any CPU
		{624B3E4A-1EAC-4FE8-860C-4D0AC2AC8452}.Release|Any CPU.ActiveCfg = Release|Any CPU
		{624B3E4A-1EAC-4FE8-860C-4D0AC2AC8452}.Release|Any CPU.Build.0 = Release|Any CPU
		{137FEDF5-468B-4B2D-AC2C-B27613F3F35D}.Debug|Any CPU.ActiveCfg = Debug|Any CPU
		{137FEDF5-468B-4B2D-AC2C-B27613F3F35D}.Debug|Any CPU.Build.0 = Debug|Any CPU
		{137FEDF5-468B-4B2D-AC2C-B27613F3F35D}.Release|Any CPU.ActiveCfg = Release|Any CPU
		{137FEDF5-468B-4B2D-AC2C-B27613F3F35D}.Release|Any CPU.Build.0 = Release|Any CPU
		{854FC26C-3788-4C0E-8485-54BED4800E6B}.Debug|Any CPU.ActiveCfg = Debug|Any CPU
		{854FC26C-3788-4C0E-8485-54BED4800E6B}.Debug|Any CPU.Build.0 = Debug|Any CPU
		{854FC26C-3788-4C0E-8485-54BED4800E6B}.Release|Any CPU.ActiveCfg = Release|Any CPU
		{854FC26C-3788-4C0E-8485-54BED4800E6B}.Release|Any CPU.Build.0 = Release|Any CPU
		{2B2DB23B-F8ED-4588-8933-64DD3C0C86B6}.Debug|Any CPU.ActiveCfg = Debug|Any CPU
		{2B2DB23B-F8ED-4588-8933-64DD3C0C86B6}.Debug|Any CPU.Build.0 = Debug|Any CPU
		{2B2DB23B-F8ED-4588-8933-64DD3C0C86B6}.Release|Any CPU.ActiveCfg = Release|Any CPU
		{2B2DB23B-F8ED-4588-8933-64DD3C0C86B6}.Release|Any CPU.Build.0 = Release|Any CPU
	EndGlobalSection
	GlobalSection(NestedProjects) = preSolution
		{6A1C5DAD-3B2C-4B74-9445-89C901EE072A} = {1CD1C4D5-7238-49E0-86EB-398AAD3E0A9A}
		{7EDDAE01-3369-47C8-B76C-1E3579DD3D4B} = {6A1C5DAD-3B2C-4B74-9445-89C901EE072A}
		{D36153A4-5506-44C0-B07B-BB0FEEE5B21F} = {6A1C5DAD-3B2C-4B74-9445-89C901EE072A}
		{CFC4D3C3-AB1F-4C64-A5A8-A5A9410A5155} = {6A1C5DAD-3B2C-4B74-9445-89C901EE072A}
		{F5D11882-07E7-405F-AA8D-86254F718656} = {1CD1C4D5-7238-49E0-86EB-398AAD3E0A9A}
		{9E795266-2F16-463E-8CB0-B4CCBCB44F9C} = {1CD1C4D5-7238-49E0-86EB-398AAD3E0A9A}
		{B04AFD37-3F98-4612-925B-265B3BEB238A} = {9E795266-2F16-463E-8CB0-B4CCBCB44F9C}
		{709EBA27-EE04-4E9E-8F30-F12FBB3F9234} = {B04AFD37-3F98-4612-925B-265B3BEB238A}
		{E04E4F90-D65C-471C-A883-D2A717E10F93} = {9E795266-2F16-463E-8CB0-B4CCBCB44F9C}
		{93B1B884-454C-4DFE-A054-4C647F3F9F0F} = {E04E4F90-D65C-471C-A883-D2A717E10F93}
		{8C5EAC8B-2E20-4320-8549-E7DFBD31D636} = {9E795266-2F16-463E-8CB0-B4CCBCB44F9C}
		{EC472471-D943-4C0C-87DC-306CD15DA7A2} = {8C5EAC8B-2E20-4320-8549-E7DFBD31D636}
		{823F93EE-2241-47DB-AA2A-375643C2AB4A} = {9E795266-2F16-463E-8CB0-B4CCBCB44F9C}
		{CA74C149-298D-4B5A-80FE-37287EB979D3} = {823F93EE-2241-47DB-AA2A-375643C2AB4A}
		{2A0FEF78-9BF2-4F53-85FD-CB3D9D76EEB1} = {9E795266-2F16-463E-8CB0-B4CCBCB44F9C}
		{3BF99CDD-4EE1-4CA9-8EA7-A1C93E7175A2} = {2A0FEF78-9BF2-4F53-85FD-CB3D9D76EEB1}
		{B0B3111D-813C-47EC-837E-8A63AC7E4921} = {9E795266-2F16-463E-8CB0-B4CCBCB44F9C}
		{25AF7DF9-1476-428A-B936-7AB42CB29A50} = {B0B3111D-813C-47EC-837E-8A63AC7E4921}
		{D5577335-2022-42E2-9817-8B4C05428902} = {9E795266-2F16-463E-8CB0-B4CCBCB44F9C}
		{3798A633-3420-4843-89E9-E30F07170F55} = {D5577335-2022-42E2-9817-8B4C05428902}
		{DB130B7A-D67C-4BB6-A412-AC7A6ECEF440} = {9E795266-2F16-463E-8CB0-B4CCBCB44F9C}
		{E7AEEE63-B174-44D5-AAB4-2EE38A0B1372} = {DB130B7A-D67C-4BB6-A412-AC7A6ECEF440}
		{89AFAB08-343B-47E1-8B2E-9F504198FAB0} = {9E795266-2F16-463E-8CB0-B4CCBCB44F9C}
		{F146427D-7A11-4480-B23D-DADB7D456360} = {89AFAB08-343B-47E1-8B2E-9F504198FAB0}
		{86D173C4-2CEB-4312-B2CF-039D0579CF20} = {9E795266-2F16-463E-8CB0-B4CCBCB44F9C}
		{5B74819E-C7A6-42D0-A259-418315D67087} = {86D173C4-2CEB-4312-B2CF-039D0579CF20}
		{6F3447D5-D569-47B3-B51F-D59C7102A3BE} = {9E795266-2F16-463E-8CB0-B4CCBCB44F9C}
		{2A45636E-D34D-4442-ABF9-DBE1ADEA8F32} = {6F3447D5-D569-47B3-B51F-D59C7102A3BE}
		{5EAF9746-393F-4A15-A22D-2C7DD3199844} = {1CD1C4D5-7238-49E0-86EB-398AAD3E0A9A}
		{A497009A-DA25-4FEA-9DAB-5CAA8BF783F3} = {9CF4637A-1A7E-4329-BE0C-A02711E7B2FE}
		{624B3E4A-1EAC-4FE8-860C-4D0AC2AC8452} = {9CF4637A-1A7E-4329-BE0C-A02711E7B2FE}
		{137FEDF5-468B-4B2D-AC2C-B27613F3F35D} = {9CF4637A-1A7E-4329-BE0C-A02711E7B2FE}
		{854FC26C-3788-4C0E-8485-54BED4800E6B} = {9CF4637A-1A7E-4329-BE0C-A02711E7B2FE}
		{2B2DB23B-F8ED-4588-8933-64DD3C0C86B6} = {9CF4637A-1A7E-4329-BE0C-A02711E7B2FE}
	EndGlobalSection
EndGlobal
